<?xml version="1.0" encoding="utf-8"?>
<Project ToolsVersion="4.0" xmlns="http://schemas.microsoft.com/developer/msbuild/2003">
  <ItemGroup>
    <Filter Include="Source Files">
      <UniqueIdentifier>{4FC737F1-C7A5-4376-A066-2A32D752A2FF}</UniqueIdentifier>
      <Extensions>cpp;c;cc;cxx;c++;cppm;ixx;def;odl;idl;hpj;bat;asm;asmx</Extensions>
    </Filter>
    <Filter Include="Header Files">
      <UniqueIdentifier>{93995380-89BD-4b04-88EB-625FBE52EBFB}</UniqueIdentifier>
      <Extensions>h;hh;hpp;hxx;h++;hm;inl;inc;ipp;xsd</Extensions>
    </Filter>
    <Filter Include="Resource Files">
      <UniqueIdentifier>{67DA6AB6-F800-4c08-8B7A-83BB121AAD01}</UniqueIdentifier>
      <Extensions>rc;ico;cur;bmp;dlg;rc2;rct;bin;rgs;gif;jpg;jpeg;jpe;resx;tiff;tif;png;wav;mfcribbon-ms</Extensions>
    </Filter>
  </ItemGroup>
  <ItemGroup>
    <ClCompile Include="main.cpp">
      <Filter>Source Files</Filter>
    </ClCompile>
    <ClCompile Include="Comparator.cpp">
      <Filter>Source Files</Filter>
    </ClCompile>
    <ClCompile Include="Sequence.cpp">
      <Filter>Source Files</Filter>
    </ClCompile>
    <ClCompile Include="ValuesBitSet.cpp">
      <Filter>Source Files</Filter>
    </ClCompile>
    <ClCompile Include="OutputSet.cpp">
      <Filter>Source Files</Filter>
    </ClCompile>
    <ClCompile Include="OutputCluster.cpp">
      <Filter>Source Files</Filter>
    </ClCompile>
    <ClCompile Include="Subsumption.cpp">
      <Filter>Source Files</Filter>
    </ClCompile>
    <ClCompile Include="SubsumptionVerifier.cpp">
      <Filter>Source Files</Filter>
    </ClCompile>
    <ClCompile Include="OutputGenerator.cpp">
      <Filter>Source Files</Filter>
    </ClCompile>
    <ClCompile Include="Network.cpp">
      <Filter>Source Files</Filter>
    </ClCompile>
    <ClCompile Include="SortingNetworks.cpp">
      <Filter>Source Files</Filter>
    </ClCompile>
    <ClCompile Include="GreenFilter.cpp">
      <Filter>Source Files</Filter>
    </ClCompile>
    <ClCompile Include="Layer.cpp">
      <Filter>Source Files</Filter>
    </ClCompile>
    <ClCompile Include="Tools.cpp">
      <Filter>Source Files</Filter>
    </ClCompile>
    <ClCompile Include="SubsumptionMatchImpl.cpp">
      <Filter>Source Files</Filter>
    </ClCompile>
    <ClCompile Include="Statistics.cpp">
      <Filter>Source Files</Filter>
    </ClCompile>
    <ClCompile Include="Permutations.cpp">
      <Filter>Source Files</Filter>
    </ClCompile>
    <ClCompile Include="Config.cpp">
      <Filter>Source Files</Filter>
    </ClCompile>
    <ClCompile Include="FitnessBadPosCount.cpp">
      <Filter>Source Files</Filter>
    </ClCompile>
    <ClCompile Include="FitnessClusterSize.cpp">
      <Filter>Source Files</Filter>
    </ClCompile>
    <ClCompile Include="FitnessOutputSize.cpp">
      <Filter>Source Files</Filter>
    </ClCompile>
    <ClCompile Include="GreedyBestFirstSearch.cpp">
      <Filter>Source Files</Filter>
    </ClCompile>
    <ClCompile Include="FitnessArticleFormula.cpp">
      <Filter>Source Files</Filter>
    </ClCompile>
  </ItemGroup>
  <ItemGroup>
    <ClInclude Include="Comparator.h">
      <Filter>Header Files</Filter>
    </ClInclude>
    <ClInclude Include="Network.h">
      <Filter>Header Files</Filter>
    </ClInclude>
    <ClInclude Include="Sequence.h">
      <Filter>Header Files</Filter>
    </ClInclude>
    <ClInclude Include="Layer.h">
      <Filter>Header Files</Filter>
    </ClInclude>
    <ClInclude Include="ValuesBitSet.h">
      <Filter>Header Files</Filter>
    </ClInclude>
    <ClInclude Include="OutputSet.h">
      <Filter>Header Files</Filter>
    </ClInclude>
    <ClInclude Include="OutputCluster.h">
      <Filter>Header Files</Filter>
    </ClInclude>
    <ClInclude Include="Subsumption.h">
      <Filter>Header Files</Filter>
    </ClInclude>
    <ClInclude Include="SubsumptionVerifier.h">
      <Filter>Header Files</Filter>
    </ClInclude>
    <ClInclude Include="FitnessEstimator.h">
      <Filter>Header Files</Filter>
    </ClInclude>
    <ClInclude Include="OutputGenerator.h">
      <Filter>Header Files</Filter>
    </ClInclude>
    <ClInclude Include="SortingNetworks.h">
      <Filter>Header Files</Filter>
    </ClInclude>
    <ClInclude Include="GreenFilter.h">
      <Filter>Header Files</Filter>
    </ClInclude>
    <ClInclude Include="Tools.h">
      <Filter>Header Files</Filter>
    </ClInclude>
    <ClInclude Include="SubsumptionMatchImpl.h">
      <Filter>Header Files</Filter>
    </ClInclude>
    <ClInclude Include="Statistics.h">
      <Filter>Header Files</Filter>
    </ClInclude>
    <ClInclude Include="Permutations.h">
      <Filter>Header Files</Filter>
    </ClInclude>
    <ClInclude Include="Config.h">
      <Filter>Header Files</Filter>
    </ClInclude>
    <ClInclude Include="FitnessBadPosCount.h">
      <Filter>Header Files</Filter>
    </ClInclude>
    <ClInclude Include="FitnessClusterSize.h">
      <Filter>Header Files</Filter>
    </ClInclude>
    <ClInclude Include="FitnessOutputSize.h">
      <Filter>Header Files</Filter>
    </ClInclude>
    <ClInclude Include="GreedyBestFirstSearch.h">
      <Filter>Header Files</Filter>
    </ClInclude>
    <ClInclude Include="FitnessArticleFormula.h">
      <Filter>Header Files</Filter>
    </ClInclude>
  </ItemGroup>
</Project>